
Microsoft Visual Studio Solution File, Format Version 12.00
# Visual Studio Version 17
VisualStudioVersion = 17.14.36408.4 d17.14
MinimumVisualStudioVersion = 10.0.40219.1
Project("{FAE04EC0-301F-11D3-BF4B-00C04F79EFBC}") = "Painel", "Painel\Painel.csproj", "{BA995207-6D43-46B4-BFA4-7C8870E0E62F}"
EndProject
Global
	GlobalSection(SolutionConfigurationPlatforms) = preSolution
		Debug|Any CPU = Debug|Any CPU
		Release|Any CPU = Release|Any CPU
	EndGlobalSection
	GlobalSection(ProjectConfigurationPlatforms) = postSolution
		{BA995207-6D43-46B4-BFA4-7C8870E0E62F}.Debug|Any CPU.ActiveCfg = Debug|Any CPU
		{BA995207-6D43-46B4-BFA4-7C8870E0E62F}.Debug|Any CPU.Build.0 = Debug|Any CPU
		{BA995207-6D43-46B4-BFA4-7C8870E0E62F}.Release|Any CPU.ActiveCfg = Release|Any CPU
		{BA995207-6D43-46B4-BFA4-7C8870E0E62F}.Release|Any CPU.Build.0 = Release|Any CPU
	EndGlobalSection
	GlobalSection(SolutionProperties) = preSolution
		HideSolutionNode = FALSE
	EndGlobalSection
	GlobalSection(ExtensibilityGlobals) = postSolution
		SolutionGuid = {2A1BDF99-0D28-415A-A475-FD3C7FEC5120}
	EndGlobalSection
EndGlobal
